{
    "requires": true,
    "lockfileVersion": 1,
    "dependencies": {
        "axios": {
            "version": "0.18.0",
            "resolved": "https://registry.npmjs.org/axios/-/axios-0.18.0.tgz",
            "integrity": "sha1-MtU+SFHv3AoRmTts0AB4nXDAUQI=",
            "dev": true
        },
        "bootstrap": {
            "version": "4.1.1",
            "resolved": "https://registry.npmjs.org/bootstrap/-/bootstrap-4.1.1.tgz",
            "integrity": "sha512-SpiDSOcbg4J/PjVSt4ny5eY6j74VbVSjROY4Fb/WIUXBV9cnb5luyR4KnPvNoXuGnBK1T+nJIWqRsvU3yP8Mcg==",
            "dev": true
        },
        "cross-env": {
            "version": "5.1.4",
            "resolved": "https://registry.npmjs.org/cross-env/-/cross-env-5.1.4.tgz",
            "integrity": "sha512-Mx8mw6JWhfpYoEk7PGvHxJMLQwQHORAs8+2bX+C1lGQ4h3GkDb1zbzC2Nw85YH9ZQMlO0BHZxMacgrfPmMFxbg==",
            "dev": true
        },
        "jquery": {
            "version": "3.4.0",
            "resolved": "https://registry.npmjs.org/jquery/-/jquery-3.4.0.tgz",
            "integrity": "sha512-ggRCXln9zEqv6OqAGXFEcshF5dSBvCkzj6Gm2gzuR5fWawaX8t7cxKVkkygKODrDAzKdoYw3l/e3pm3vlT4IbQ==",
            "dev": true
        },
        "laravel-mix": {
            "version": "2.1.11",
            "resolved": "https://registry.npmjs.org/laravel-mix/-/laravel-mix-2.1.11.tgz",
            "integrity": "sha512-+iDqVPOuHSq6Ng/WX0w8V2O7R8847u1N1jybB/AAuRca3nRw4iI9BNNJ307ViiXb1GulxKixLe67shPFatJjvQ==",
            "dev": true
        },
        "lodash": {
            "version": "4.17.10",
            "resolved": "https://registry.npmjs.org/lodash/-/lodash-4.17.10.tgz",
            "integrity": "sha512-UejweD1pDoXu+AD825lWwp4ZGtSwgnpZxb3JDViD7StjQz+Nb/6l093lx4OQ0foGWNRoc19mWy7BzL+UAK2iVg==",
            "dev": true
        },
        "popper.js": {
            "version": "1.14.3",
            "resolved": "https://registry.npmjs.org/popper.js/-/popper.js-1.14.3.tgz",
            "integrity": "sha1-FDj5jQRqz3tNeM1QK/QYrGTU8JU=",
            "dev": true
        },
        "vue": {
            "version": "2.5.16",
            "resolved": "https://registry.npmjs.org/vue/-/vue-2.5.16.tgz",
            "integrity": "sha512-/ffmsiVuPC8PsWcFkZngdpas19ABm5mh2wA7iDqcltyCTwlgZjHGeJYOXkBMo422iPwIcviOtrTCUpSfXmToLQ==",
            "dev": true
        }
    }
}
